// !$*UTF8*$!
{
	archiveVersion = 1;
	classes = {
	};
	objectVersion = 46;
	objects = {

/* Begin PBXBuildFile section */
		1E6B01AE1B8BFE1900BC2CCC /* AppDelegate.swift in Sources */ = {isa = PBXBuildFile; fileRef = 1E6B01AD1B8BFE1900BC2CCC /* AppDelegate.swift */; };
		1E6B01B01B8BFE1900BC2CCC /* ViewController.swift in Sources */ = {isa = PBXBuildFile; fileRef = 1E6B01AF1B8BFE1900BC2CCC /* ViewController.swift */; };
		1E6B01B31B8BFE1900BC2CCC /* Main.storyboard in Resources */ = {isa = PBXBuildFile; fileRef = 1E6B01B11B8BFE1900BC2CCC /* Main.storyboard */; };
		1E6B01B51B8BFE1900BC2CCC /* Images.xcassets in Resources */ = {isa = PBXBuildFile; fileRef = 1E6B01B41B8BFE1900BC2CCC /* Images.xcassets */; };
		1E6B01B81B8BFE1900BC2CCC /* LaunchScreen.xib in Resources */ = {isa = PBXBuildFile; fileRef = 1E6B01B61B8BFE1900BC2CCC /* LaunchScreen.xib */; };
		1E6B01C41B8BFE1900BC2CCC /* tipsTests.swift in Sources */ = {isa = PBXBuildFile; fileRef = 1E6B01C31B8BFE1900BC2CCC /* tipsTests.swift */; };
		1E6B01CE1B8C162D00BC2CCC /* SettingsViewController.swift in Sources */ = {isa = PBXBuildFile; fileRef = 1E6B01CD1B8C162D00BC2CCC /* SettingsViewController.swift */; };
/* End PBXBuildFile section */

/* Begin PBXContainerItemProxy section */
		1E6B01BE1B8BFE1900BC2CCC /* PBXContainerItemProxy */ = {
			isa = PBXContainerItemProxy;
			containerPortal = 1E6B01A01B8BFE1900BC2CCC /* Project object */;
			proxyType = 1;
			remoteGlobalIDString = 1E6B01A71B8BFE1900BC2CCC;
			remoteInfo = tips;
		};
/* End PBXContainerItemProxy section */

/* Begin PBXFileReference section */
		1E6B01A81B8BFE1900BC2CCC /* tips.app */ = {isa = PBXFileReference; explicitFileType = wrapper.application; includeInIndex = 0; path = tips.app; sourceTree = BUILT_PRODUCTS_DIR; };
		1E6B01AC1B8BFE1900BC2CCC /* Info.plist */ = {isa = PBXFileReference; lastKnownFileType = text.plist.xml; path = Info.plist; sourceTree = "<group>"; };
		1E6B01AD1B8BFE1900BC2CCC /* AppDelegate.swift */ = {isa = PBXFileReference; lastKnownFileType = sourcecode.swift; path = AppDelegate.swift; sourceTree = "<group>"; };
		1E6B01AF1B8BFE1900BC2CCC /* ViewController.swift */ = {isa = PBXFileReference; lastKnownFileType = sourcecode.swift; path = ViewController.swift; sourceTree = "<group>"; };
		1E6B01B21B8BFE1900BC2CCC /* Base */ = {isa = PBXFileReference; lastKnownFileType = file.storyboard; name = Base; path = Base.lproj/Main.storyboard; sourceTree = "<group>"; };
		1E6B01B41B8BFE1900BC2CCC /* Images.xcassets */ = {isa = PBXFileReference; lastKnownFileType = folder.assetcatalog; path = Images.xcassets; sourceTree = "<group>"; };
		1E6B01B71B8BFE1900BC2CCC /* Base */ = {isa = PBXFileReference; lastKnownFileType = file.xib; name = Base; path = Base.lproj/LaunchScreen.xib; sourceTree = "<group>"; };
		1E6B01BD1B8BFE1900BC2CCC /* tipsTests.xctest */ = {isa = PBXFileReference; explicitFileType = wrapper.cfbundle; includeInIndex = 0; path = tipsTests.xctest; sourceTree = BUILT_PRODUCTS_DIR; };
		1E6B01C21B8BFE1900BC2CCC /* Info.plist */ = {isa = PBXFileReference; lastKnownFileType = text.plist.xml; path = Info.plist; sourceTree = "<group>"; };
		1E6B01C31B8BFE1900BC2CCC /* tipsTests.swift */ = {isa = PBXFileReference; lastKnownFileType = sourcecode.swift; path = tipsTests.swift; sourceTree = "<group>"; };
		1E6B01CD1B8C162D00BC2CCC /* SettingsViewController.swift */ = {isa = PBXFileReference; fileEncoding = 4; lastKnownFileType = sourcecode.swift; path = SettingsViewController.swift; sourceTree = "<group>"; };
/* End PBXFileReference section */

/* Begin PBXFrameworksBuildPhase section */
		1E6B01A51B8BFE1900BC2CCC /* Frameworks */ = {
			isa = PBXFrameworksBuildPhase;
			buildActionMask = 2147483647;
			files = (
			);
			runOnlyForDeploymentPostprocessing = 0;
		};
		1E6B01BA1B8BFE1900BC2CCC /* Frameworks */ = {
			isa = PBXFrameworksBuildPhase;
			buildActionMask = 2147483647;
			files = (
			);
			runOnlyForDeploymentPostprocessing = 0;
		};
/* End PBXFrameworksBuildPhase section */

/* Begin PBXGroup section */
		1E6B019F1B8BFE1900BC2CCC = {
			isa = PBXGroup;
			children = (
				1E6B01AA1B8BFE1900BC2CCC /* tips */,
				1E6B01C01B8BFE1900BC2CCC /* tipsTests */,
				1E6B01A91B8BFE1900BC2CCC /* Products */,
			);
			sourceTree = "<group>";
		};
		1E6B01A91B8BFE1900BC2CCC /* Products */ = {
			isa = PBXGroup;
			children = (
				1E6B01A81B8BFE1900BC2CCC /* tips.app */,
				1E6B01BD1B8BFE1900BC2CCC /* tipsTests.xctest */,
			);
			name = Products;
			sourceTree = "<group>";
		};
		1E6B01AA1B8BFE1900BC2CCC /* tips */ = {
			isa = PBXGroup;
			children = (
				1E6B01AD1B8BFE1900BC2CCC /* AppDelegate.swift */,
				1E6B01AF1B8BFE1900BC2CCC /* ViewController.swift */,
				1E6B01CD1B8C162D00BC2CCC /* SettingsViewController.swift */,
				1E6B01B11B8BFE1900BC2CCC /* Main.storyboard */,
				1E6B01B41B8BFE1900BC2CCC /* Images.xcassets */,
				1E6B01B61B8BFE1900BC2CCC /* LaunchScreen.xib */,
				1E6B01AB1B8BFE1900BC2CCC /* Supporting Files */,
			);
			path = tips;
			sourceTree = "<group>";
		};
		1E6B01AB1B8BFE1900BC2CCC /* Supporting Files */ = {
			isa = PBXGroup;
			children = (
				1E6B01AC1B8BFE1900BC2CCC /* Info.plist */,
			);
			name = "Supporting Files";
			sourceTree = "<group>";
		};
		1E6B01C01B8BFE1900BC2CCC /* tipsTests */ = {
			isa = PBXGroup;
			children = (
				1E6B01C31B8BFE1900BC2CCC /* tipsTests.swift */,
				1E6B01C11B8BFE1900BC2CCC /* Supporting Files */,
			);
			path = tipsTests;
			sourceTree = "<group>";
		};
		1E6B01C11B8BFE1900BC2CCC /* Supporting Files */ = {
			isa = PBXGroup;
			children = (
				1E6B01C21B8BFE1900BC2CCC /* Info.plist */,
			);
			name = "Supporting Files";
			sourceTree = "<group>";
		};
/* End PBXGroup section */

/* Begin PBXNativeTarget section */
		1E6B01A71B8BFE1900BC2CCC /* tips */ = {
			isa = PBXNativeTarget;
			buildConfigurationList = 1E6B01C71B8BFE1A00BC2CCC /* Build configuration list for PBXNativeTarget "tips" */;
			buildPhases = (
				1E6B01A41B8BFE1900BC2CCC /* Sources */,
				1E6B01A51B8BFE1900BC2CCC /* Frameworks */,
				1E6B01A61B8BFE1900BC2CCC /* Resources */,
			);
			buildRules = (
			);
			dependencies = (
			);
			name = tips;
			productName = tips;
			productReference = 1E6B01A81B8BFE1900BC2CCC /* tips.app */;
			productType = "com.apple.product-type.application";
		};
		1E6B01BC1B8BFE1900BC2CCC /* tipsTests */ = {
			isa = PBXNativeTarget;
			buildConfigurationList = 1E6B01CA1B8BFE1A00BC2CCC /* Build configuration list for PBXNativeTarget "tipsTests" */;
			buildPhases = (
				1E6B01B91B8BFE1900BC2CCC /* Sources */,
				1E6B01BA1B8BFE1900BC2CCC /* Frameworks */,
				1E6B01BB1B8BFE1900BC2CCC /* Resources */,
			);
			buildRules = (
			);
			dependencies = (
				1E6B01BF1B8BFE1900BC2CCC /* PBXTargetDependency */,
			);
			name = tipsTests;
			productName = tipsTests;
			productReference = 1E6B01BD1B8BFE1900BC2CCC /* tipsTests.xctest */;
			productType = "com.apple.product-type.bundle.unit-test";
		};
/* End PBXNativeTarget section */

/* Begin PBXProject section */
		1E6B01A01B8BFE1900BC2CCC /* Project object */ = {
			isa = PBXProject;
			attributes = {
				LastUpgradeCheck = 0640;
				ORGANIZATIONNAME = codepath;
				TargetAttributes = {
					1E6B01A71B8BFE1900BC2CCC = {
						CreatedOnToolsVersion = 6.4;
					};
					1E6B01BC1B8BFE1900BC2CCC = {
						CreatedOnToolsVersion = 6.4;
						TestTargetID = 1E6B01A71B8BFE1900BC2CCC;
					};
				};
			};
			buildConfigurationList = 1E6B01A31B8BFE1900BC2CCC /* Build configuration list for PBXProject "tips" */;
			compatibilityVersion = "Xcode 3.2";
			developmentRegion = English;
			hasScannedForEncodings = 0;
			knownRegions = (
				en,
				Base,
			);
			mainGroup = 1E6B019F1B8BFE1900BC2CCC;
			productRefGroup = 1E6B01A91B8BFE1900BC2CCC /* Products */;
			projectDirPath = "";
			projectRoot = "";
			targets = (
				1E6B01A71B8BFE1900BC2CCC /* tips */,
				1E6B01BC1B8BFE1900BC2CCC /* tipsTests */,
			);
		};
/* End PBXProject section */

/* Begin PBXResourcesBuildPhase section */
		1E6B01A61B8BFE1900BC2CCC /* Resources */ = {
			isa = PBXResourcesBuildPhase;
			buildActionMask = 2147483647;
			files = (
				1E6B01B31B8BFE1900BC2CCC /* Main.storyboard in Resources */,
				1E6B01B81B8BFE1900BC2CCC /* LaunchScreen.xib in Resources */,
				1E6B01B51B8BFE1900BC2CCC /* Images.xcassets in Resources */,
			);
			runOnlyForDeploymentPostprocessing = 0;
		};
		1E6B01BB1B8BFE1900BC2CCC /* Resources */ = {
			isa = PBXResourcesBuildPhase;
			buildActionMask = 2147483647;
			files = (
			);
			runOnlyForDeploymentPostprocessing = 0;
		};
/* End PBXResourcesBuildPhase section */

/* Begin PBXSourcesBuildPhase section */
		1E6B01A41B8BFE1900BC2CCC /* Sources */ = {
			isa = PBXSourcesBuildPhase;
			buildActionMask = 2147483647;
			files = (
				1E6B01B01B8BFE1900BC2CCC /* ViewController.swift in Sources */,
				1E6B01AE1B8BFE1900BC2CCC /* AppDelegate.swift in Sources */,
				1E6B01CE1B8C162D00BC2CCC /* SettingsViewController.swift in Sources */,
			);
			runOnlyForDeploymentPostprocessing = 0;
		};
		1E6B01B91B8BFE1900BC2CCC /* Sources */ = {
			isa = PBXSourcesBuildPhase;
			buildActionMask = 2147483647;
			files = (
				1E6B01C41B8BFE1900BC2CCC /* tipsTests.swift in Sources */,
			);
			runOnlyForDeploymentPostprocessing = 0;
		};
/* End PBXSourcesBuildPhase section */

/* Begin PBXTargetDependency section */
		1E6B01BF1B8BFE1900BC2CCC /* PBXTargetDependency */ = {
			isa = PBXTargetDependency;
			target = 1E6B01A71B8BFE1900BC2CCC /* tips */;
			targetProxy = 1E6B01BE1B8BFE1900BC2CCC /* PBXContainerItemProxy */;
		};
/* End PBXTargetDependency section */

/* Begin PBXVariantGroup section */
		1E6B01B11B8BFE1900BC2CCC /* Main.storyboard */ = {
			isa = PBXVariantGroup;
			children = (
				1E6B01B21B8BFE1900BC2CCC /* Base */,
			);
			name = Main.storyboard;
			sourceTree = "<group>";
		};
		1E6B01B61B8BFE1900BC2CCC /* LaunchScreen.xib */ = {
			isa = PBXVariantGroup;
			children = (
				1E6B01B71B8BFE1900BC2CCC /* Base */,
			);
			name = LaunchScreen.xib;
			sourceTree = "<group>";
		};
/* End PBXVariantGroup section */

/* Begin XCBuildConfiguration section */
		1E6B01C51B8BFE1A00BC2CCC /* Debug */ = {
			isa = XCBuildConfiguration;
			buildSettings = {
				ALWAYS_SEARCH_USER_PATHS = NO;
				CLANG_CXX_LANGUAGE_STANDARD = "gnu++0x";
				CLANG_CXX_LIBRARY = "libc++";
				CLANG_ENABLE_MODULES = YES;
				CLANG_ENABLE_OBJC_ARC = YES;
				CLANG_WARN_BOOL_CONVERSION = YES;
				CLANG_WARN_CONSTANT_CONVERSION = YES;
				CLANG_WARN_DIRECT_OBJC_ISA_USAGE = YES_ERROR;
				CLANG_WARN_EMPTY_BODY = YES;
				CLANG_WARN_ENUM_CONVERSION = YES;
				CLANG_WARN_INT_CONVERSION = YES;
				CLANG_WARN_OBJC_ROOT_CLASS = YES_ERROR;
				CLANG_WARN_UNREACHABLE_CODE = YES;
				CLANG_WARN__DUPLICATE_METHOD_MATCH = YES;
				"CODE_SIGN_IDENTITY[sdk=iphoneos*]" = "iPhone Developer";
				COPY_PHASE_STRIP = NO;
				DEBUG_INFORMATION_FORMAT = "dwarf-with-dsym";
				ENABLE_STRICT_OBJC_MSGSEND = YES;
				GCC_C_LANGUAGE_STANDARD = gnu99;
				GCC_DYNAMIC_NO_PIC = NO;
				GCC_NO_COMMON_BLOCKS = YES;
				GCC_OPTIMIZATION_LEVEL = 0;
				GCC_PREPROCESSOR_DEFINITIONS = (
					"DEBUG=1",
					"$(inherited)",
				);
				GCC_SYMBOLS_PRIVATE_EXTERN = NO;
				GCC_WARN_64_TO_32_BIT_CONVERSION = YES;
				GCC_WARN_ABOUT_RETURN_TYPE = YES_ERROR;
				GCC_WARN_UNDECLARED_SELECTOR = YES;
				GCC_WARN_UNINITIALIZED_AUTOS = YES_AGGRESSIVE;
				GCC_WARN_UNUSED_FUNCTION = YES;
				GCC_WARN_UNUSED_VARIABLE = YES;
				IPHONEOS_DEPLOYMENT_TARGET = 8.4;
				MTL_ENABLE_DEBUG_INFO = YES;
				ONLY_ACTIVE_ARCH = YES;
				SDKROOT = iphoneos;
				SWIFT_OPTIMIZATION_LEVEL = "-Onone";
			};
			name = Debug;
		};
		1E6B01C61B8BFE1A00BC2CCC /* Release */ = {
			isa = XCBuildConfiguration;
			buildSettings = {
				ALWAYS_SEARCH_USER_PATHS = NO;
				CLANG_CXX_LANGUAGE_STANDARD = "gnu++0x";
				CLANG_CXX_LIBRARY = "libc++";
				CLANG_ENABLE_MODULES = YES;
				CLANG_ENABLE_OBJC_ARC = YES;
				CLANG_WARN_BOOL_CONVERSION = YES;
				CLANG_WARN_CONSTANT_CONVERSION = YES;
				CLANG_WARN_DIRECT_OBJC_ISA_USAGE = YES_ERROR;
				CLANG_WARN_EMPTY_BODY = YES;
				CLANG_WARN_ENUM_CONVERSION = YES;
				CLANG_WARN_INT_CONVERSION = YES;
				CLANG_WARN_OBJC_ROOT_CLASS = YES_ERROR;
				CLANG_WARN_UNREACHABLE_CODE = YES;
				CLANG_WARN__DUPLICATE_METHOD_MATCH = YES;
				"CODE_SIGN_IDENTITY[sdk=iphoneos*]" = "iPhone Developer";
				COPY_PHASE_STRIP = NO;
				DEBUG_INFORMATION_FORMAT = "dwarf-with-dsym";
				ENABLE_NS_ASSERTIONS = NO;
				ENABLE_STRICT_OBJC_MSGSEND = YES;
				GCC_C_LANGUAGE_STANDARD = gnu99;
				GCC_NO_COMMON_BLOCKS = YES;
				GCC_WARN_64_TO_32_BIT_CONVERSION = YES;
				GCC_WARN_ABOUT_RETURN_TYPE = YES_ERROR;
				GCC_WARN_UNDECLARED_SELECTOR = YES;
				GCC_WARN_UNINITIALIZED_AUTOS = YES_AGGRESSIVE;
				GCC_WARN_UNUSED_FUNCTION = YES;
				GCC_WARN_UNUSED_VARIABLE = YES;
				IPHONEOS_DEPLOYMENT_TARGET = 8.4;
				MTL_ENABLE_DEBUG_INFO = NO;
				SDKROOT = iphoneos;
				VALIDATE_PRODUCT = YES;
			};
			name = Release;
		};
		1E6B01C81B8BFE1A00BC2CCC /* Debug */ = {
			isa = XCBuildConfiguration;
			buildSettings = {
				ASSETCATALOG_COMPILER_APPICON_NAME = AppIcon;
				INFOPLIST_FILE = tips/Info.plist;
				LD_RUNPATH_SEARCH_PATHS = "$(inherited) @executable_path/Frameworks";
				PRODUCT_NAME = "$(TARGET_NAME)";
			};
			name = Debug;
		};
		1E6B01C91B8BFE1A00BC2CCC /* Release */ = {
			isa = XCBuildConfiguration;
			buildSettings = {
				ASSETCATALOG_COMPILER_APPICON_NAME = AppIcon;
				INFOPLIST_FILE = tips/Info.plist;
				LD_RUNPATH_SEARCH_PATHS = "$(inherited) @executable_path/Frameworks";
				PRODUCT_NAME = "$(TARGET_NAME)";
			};
			name = Release;
		};
		1E6B01CB1B8BFE1A00BC2CCC /* Debug */ = {
			isa = XCBuildConfiguration;
			buildSettings = {
				BUNDLE_LOADER = "$(TEST_HOST)";
				FRAMEWORK_SEARCH_PATHS = (
					"$(SDKROOT)/Developer/Library/Frameworks",
					"$(inherited)",
				);
				GCC_PREPROCESSOR_DEFINITIONS = (
					"DEBUG=1",
					"$(inherited)",
				);
				INFOPLIST_FILE = tipsTests/Info.plist;
				LD_RUNPATH_SEARCH_PATHS = "$(inherited) @executable_path/Frameworks @loader_path/Frameworks";
				PRODUCT_NAME = "$(TARGET_NAME)";
				TEST_HOST = "$(BUILT_PRODUCTS_DIR)/tips.app/tips";
			};
			name = Debug;
		};
		1E6B01CC1B8BFE1A00BC2CCC /* Release */ = {
			isa = XCBuildConfiguration;
			buildSettings = {
				BUNDLE_LOADER = "$(TEST_HOST)";
				FRAMEWORK_SEARCH_PATHS = (
					"$(SDKROOT)/Developer/Library/Frameworks",
					"$(inherited)",
				);
				INFOPLIST_FILE = tipsTests/Info.plist;
				LD_RUNPATH_SEARCH_PATHS = "$(inherited) @executable_path/Frameworks @loader_path/Frameworks";
				PRODUCT_NAME = "$(TARGET_NAME)";
				TEST_HOST = "$(BUILT_PRODUCTS_DIR)/tips.app/tips";
			};
			name = Release;
		};
/* End XCBuildConfiguration section */

/* Begin XCConfigurationList section */
		1E6B01A31B8BFE1900BC2CCC /* Build configuration list for PBXProject "tips" */ = {
			isa = XCConfigurationList;
			buildConfigurations = (
				1E6B01C51B8BFE1A00BC2CCC /* Debug */,
				1E6B01C61B8BFE1A00BC2CCC /* Release */,
			);
			defaultConfigurationIsVisible = 0;
			defaultConfigurationName = Release;
		};
		1E6B01C71B8BFE1A00BC2CCC /* Build configuration list for PBXNativeTarget "tips" */ = {
			isa = XCConfigurationList;
			buildConfigurations = (
				1E6B01C81B8BFE1A00BC2CCC /* Debug */,
				1E6B01C91B8BFE1A00BC2CCC /* Release */,
			);
			defaultConfigurationIsVisible = 0;
		};
		1E6B01CA1B8BFE1A00BC2CCC /* Build configuration list for PBXNativeTarget "tipsTests" */ = {
			isa = XCConfigurationList;
			buildConfigurations = (
				1E6B01CB1B8BFE1A00BC2CCC /* Debug */,
				1E6B01CC1B8BFE1A00BC2CCC /* Release */,
			);
			defaultConfigurationIsVisible = 0;
		};
/* End XCConfigurationList section */
	};
	rootObject = 1E6B01A01B8BFE1900BC2CCC /* Project object */;
}
